// !$*UTF8*$!
{
	archiveVersion = 1;
	classes = {
	};
	objectVersion = 56;
	objects = {

/* Begin PBXBuildFile section */
		BDD7783F2A60770100CF18D3 /* gethubApp.swift in Sources */ = {isa = PBXBuildFile; fileRef = BDD7783E2A60770100CF18D3 /* gethubApp.swift */; };
		BDD778412A60770100CF18D3 /* ContentView.swift in Sources */ = {isa = PBXBuildFile; fileRef = BDD778402A60770100CF18D3 /* ContentView.swift */; };
		BDD778432A60770A00CF18D3 /* Assets.xcassets in Resources */ = {isa = PBXBuildFile; fileRef = BDD778422A60770A00CF18D3 /* Assets.xcassets */; };
		BDD778462A60770A00CF18D3 /* Preview Assets.xcassets in Resources */ = {isa = PBXBuildFile; fileRef = BDD778452A60770A00CF18D3 /* Preview Assets.xcassets */; };
		BDD778502A60770A00CF18D3 /* gethubTests.swift in Sources */ = {isa = PBXBuildFile; fileRef = BDD7784F2A60770A00CF18D3 /* gethubTests.swift */; };
		BDD7785A2A60770A00CF18D3 /* gethubUITests.swift in Sources */ = {isa = PBXBuildFile; fileRef = BDD778592A60770A00CF18D3 /* gethubUITests.swift */; };
		BDD7785C2A60770A00CF18D3 /* gethubUITestsLaunchTests.swift in Sources */ = {isa = PBXBuildFile; fileRef = BDD7785B2A60770A00CF18D3 /* gethubUITestsLaunchTests.swift */; };
/* End PBXBuildFile section */

/* Begin PBXContainerItemProxy section */
		BDD7784C2A60770A00CF18D3 /* PBXContainerItemProxy */ = {
			isa = PBXContainerItemProxy;
			containerPortal = BDD778332A60770100CF18D3 /* Project object */;
			proxyType = 1;
			remoteGlobalIDString = BDD7783A2A60770100CF18D3;
			remoteInfo = gethub;
		};
		BDD778562A60770A00CF18D3 /* PBXContainerItemProxy */ = {
			isa = PBXContainerItemProxy;
			containerPortal = BDD778332A60770100CF18D3 /* Project object */;
			proxyType = 1;
			remoteGlobalIDString = BDD7783A2A60770100CF18D3;
			remoteInfo = gethub;
		};
/* End PBXContainerItemProxy section */

/* Begin PBXFileReference section */
		BDD7783B2A60770100CF18D3 /* gethub.app */ = {isa = PBXFileReference; explicitFileType = wrapper.application; includeInIndex = 0; path = gethub.app; sourceTree = BUILT_PRODUCTS_DIR; };
		BDD7783E2A60770100CF18D3 /* gethubApp.swift */ = {isa = PBXFileReference; lastKnownFileType = sourcecode.swift; path = gethubApp.swift; sourceTree = "<group>"; };
		BDD778402A60770100CF18D3 /* ContentView.swift */ = {isa = PBXFileReference; lastKnownFileType = sourcecode.swift; path = ContentView.swift; sourceTree = "<group>"; };
		BDD778422A60770A00CF18D3 /* Assets.xcassets */ = {isa = PBXFileReference; lastKnownFileType = folder.assetcatalog; path = Assets.xcassets; sourceTree = "<group>"; };
		BDD778452A60770A00CF18D3 /* Preview Assets.xcassets */ = {isa = PBXFileReference; lastKnownFileType = folder.assetcatalog; path = "Preview Assets.xcassets"; sourceTree = "<group>"; };
		BDD7784B2A60770A00CF18D3 /* gethubTests.xctest */ = {isa = PBXFileReference; explicitFileType = wrapper.cfbundle; includeInIndex = 0; path = gethubTests.xctest; sourceTree = BUILT_PRODUCTS_DIR; };
		BDD7784F2A60770A00CF18D3 /* gethubTests.swift */ = {isa = PBXFileReference; lastKnownFileType = sourcecode.swift; path = gethubTests.swift; sourceTree = "<group>"; };
		BDD778552A60770A00CF18D3 /* gethubUITests.xctest */ = {isa = PBXFileReference; explicitFileType = wrapper.cfbundle; includeInIndex = 0; path = gethubUITests.xctest; sourceTree = BUILT_PRODUCTS_DIR; };
		BDD778592A60770A00CF18D3 /* gethubUITests.swift */ = {isa = PBXFileReference; lastKnownFileType = sourcecode.swift; path = gethubUITests.swift; sourceTree = "<group>"; };
		BDD7785B2A60770A00CF18D3 /* gethubUITestsLaunchTests.swift */ = {isa = PBXFileReference; lastKnownFileType = sourcecode.swift; path = gethubUITestsLaunchTests.swift; sourceTree = "<group>"; };
/* End PBXFileReference section */

/* Begin PBXFrameworksBuildPhase section */
		BDD778382A60770100CF18D3 /* Frameworks */ = {
			isa = PBXFrameworksBuildPhase;
			buildActionMask = 2147483647;
			files = (
			);
			runOnlyForDeploymentPostprocessing = 0;
		};
		BDD778482A60770A00CF18D3 /* Frameworks */ = {
			isa = PBXFrameworksBuildPhase;
			buildActionMask = 2147483647;
			files = (
			);
			runOnlyForDeploymentPostprocessing = 0;
		};
		BDD778522A60770A00CF18D3 /* Frameworks */ = {
			isa = PBXFrameworksBuildPhase;
			buildActionMask = 2147483647;
			files = (
			);
			runOnlyForDeploymentPostprocessing = 0;
		};
/* End PBXFrameworksBuildPhase section */

/* Begin PBXGroup section */
		BDD778322A60770100CF18D3 = {
			isa = PBXGroup;
			children = (
				BDD7783D2A60770100CF18D3 /* gethub */,
				BDD7784E2A60770A00CF18D3 /* gethubTests */,
				BDD778582A60770A00CF18D3 /* gethubUITests */,
				BDD7783C2A60770100CF18D3 /* Products */,
			);
			sourceTree = "<group>";
		};
		BDD7783C2A60770100CF18D3 /* Products */ = {
			isa = PBXGroup;
			children = (
				BDD7783B2A60770100CF18D3 /* gethub.app */,
				BDD7784B2A60770A00CF18D3 /* gethubTests.xctest */,
				BDD778552A60770A00CF18D3 /* gethubUITests.xctest */,
			);
			name = Products;
			sourceTree = "<group>";
		};
		BDD7783D2A60770100CF18D3 /* gethub */ = {
			isa = PBXGroup;
			children = (
				BDD7783E2A60770100CF18D3 /* gethubApp.swift */,
				BDD778402A60770100CF18D3 /* ContentView.swift */,
				BDD778422A60770A00CF18D3 /* Assets.xcassets */,
				BDD778442A60770A00CF18D3 /* Preview Content */,
			);
			path = gethub;
			sourceTree = "<group>";
		};
		BDD778442A60770A00CF18D3 /* Preview Content */ = {
			isa = PBXGroup;
			children = (
				BDD778452A60770A00CF18D3 /* Preview Assets.xcassets */,
			);
			path = "Preview Content";
			sourceTree = "<group>";
		};
		BDD7784E2A60770A00CF18D3 /* gethubTests */ = {
			isa = PBXGroup;
			children = (
				BDD7784F2A60770A00CF18D3 /* gethubTests.swift */,
			);
			path = gethubTests;
			sourceTree = "<group>";
		};
		BDD778582A60770A00CF18D3 /* gethubUITests */ = {
			isa = PBXGroup;
			children = (
				BDD778592A60770A00CF18D3 /* gethubUITests.swift */,
				BDD7785B2A60770A00CF18D3 /* gethubUITestsLaunchTests.swift */,
			);
			path = gethubUITests;
			sourceTree = "<group>";
		};
/* End PBXGroup section */

/* Begin PBXNativeTarget section */
		BDD7783A2A60770100CF18D3 /* gethub */ = {
			isa = PBXNativeTarget;
			buildConfigurationList = BDD7785F2A60770B00CF18D3 /* Build configuration list for PBXNativeTarget "gethub" */;
			buildPhases = (
				BDD778372A60770100CF18D3 /* Sources */,
				BDD778382A60770100CF18D3 /* Frameworks */,
				BDD778392A60770100CF18D3 /* Resources */,
			);
			buildRules = (
			);
			dependencies = (
			);
			name = gethub;
			productName = gethub;
			productReference = BDD7783B2A60770100CF18D3 /* gethub.app */;
			productType = "com.apple.product-type.application";
		};
		BDD7784A2A60770A00CF18D3 /* gethubTests */ = {
			isa = PBXNativeTarget;
			buildConfigurationList = BDD778622A60770B00CF18D3 /* Build configuration list for PBXNativeTarget "gethubTests" */;
			buildPhases = (
				BDD778472A60770A00CF18D3 /* Sources */,
				BDD778482A60770A00CF18D3 /* Frameworks */,
				BDD778492A60770A00CF18D3 /* Resources */,
			);
			buildRules = (
			);
			dependencies = (
				BDD7784D2A60770A00CF18D3 /* PBXTargetDependency */,
			);
			name = gethubTests;
			productName = gethubTests;
			productReference = BDD7784B2A60770A00CF18D3 /* gethubTests.xctest */;
			productType = "com.apple.product-type.bundle.unit-test";
		};
		BDD778542A60770A00CF18D3 /* gethubUITests */ = {
			isa = PBXNativeTarget;
			buildConfigurationList = BDD778652A60770B00CF18D3 /* Build configuration list for PBXNativeTarget "gethubUITests" */;
			buildPhases = (
				BDD778512A60770A00CF18D3 /* Sources */,
				BDD778522A60770A00CF18D3 /* Frameworks */,
				BDD778532A60770A00CF18D3 /* Resources */,
			);
			buildRules = (
			);
			dependencies = (
				BDD778572A60770A00CF18D3 /* PBXTargetDependency */,
			);
			name = gethubUITests;
			productName = gethubUITests;
			productReference = BDD778552A60770A00CF18D3 /* gethubUITests.xctest */;
			productType = "com.apple.product-type.bundle.ui-testing";
		};
/* End PBXNativeTarget section */

/* Begin PBXProject section */
		BDD778332A60770100CF18D3 /* Project object */ = {
			isa = PBXProject;
			attributes = {
				BuildIndependentTargetsInParallel = 1;
				LastSwiftUpdateCheck = 1430;
				LastUpgradeCheck = 1430;
				TargetAttributes = {
					BDD7783A2A60770100CF18D3 = {
						CreatedOnToolsVersion = 14.3.1;
					};
					BDD7784A2A60770A00CF18D3 = {
						CreatedOnToolsVersion = 14.3.1;
						TestTargetID = BDD7783A2A60770100CF18D3;
					};
					BDD778542A60770A00CF18D3 = {
						CreatedOnToolsVersion = 14.3.1;
						TestTargetID = BDD7783A2A60770100CF18D3;
					};
				};
			};
			buildConfigurationList = BDD778362A60770100CF18D3 /* Build configuration list for PBXProject "gethub" */;
			compatibilityVersion = "Xcode 14.0";
			developmentRegion = en;
			hasScannedForEncodings = 0;
			knownRegions = (
				en,
				Base,
			);
			mainGroup = BDD778322A60770100CF18D3;
			productRefGroup = BDD7783C2A60770100CF18D3 /* Products */;
			projectDirPath = "";
			projectRoot = "";
			targets = (
				BDD7783A2A60770100CF18D3 /* gethub */,
				BDD7784A2A60770A00CF18D3 /* gethubTests */,
				BDD778542A60770A00CF18D3 /* gethubUITests */,
			);
		};
/* End PBXProject section */

/* Begin PBXResourcesBuildPhase section */
		BDD778392A60770100CF18D3 /* Resources */ = {
			isa = PBXResourcesBuildPhase;
			buildActionMask = 2147483647;
			files = (
				BDD778462A60770A00CF18D3 /* Preview Assets.xcassets in Resources */,
				BDD778432A60770A00CF18D3 /* Assets.xcassets in Resources */,
			);
			runOnlyForDeploymentPostprocessing = 0;
		};
		BDD778492A60770A00CF18D3 /* Resources */ = {
			isa = PBXResourcesBuildPhase;
			buildActionMask = 2147483647;
			files = (
			);
			runOnlyForDeploymentPostprocessing = 0;
		};
		BDD778532A60770A00CF18D3 /* Resources */ = {
			isa = PBXResourcesBuildPhase;
			buildActionMask = 2147483647;
			files = (
			);
			runOnlyForDeploymentPostprocessing = 0;
		};
/* End PBXResourcesBuildPhase section */

/* Begin PBXSourcesBuildPhase section */
		BDD778372A60770100CF18D3 /* Sources */ = {
			isa = PBXSourcesBuildPhase;
			buildActionMask = 2147483647;
			files = (
				BDD778412A60770100CF18D3 /* ContentView.swift in Sources */,
				BDD7783F2A60770100CF18D3 /* gethubApp.swift in Sources */,
			);
			runOnlyForDeploymentPostprocessing = 0;
		};
		BDD778472A60770A00CF18D3 /* Sources */ = {
			isa = PBXSourcesBuildPhase;
			buildActionMask = 2147483647;
			files = (
				BDD778502A60770A00CF18D3 /* gethubTests.swift in Sources */,
			);
			runOnlyForDeploymentPostprocessing = 0;
		};
		BDD778512A60770A00CF18D3 /* Sources */ = {
			isa = PBXSourcesBuildPhase;
			buildActionMask = 2147483647;
			files = (
				BDD7785A2A60770A00CF18D3 /* gethubUITests.swift in Sources */,
				BDD7785C2A60770A00CF18D3 /* gethubUITestsLaunchTests.swift in Sources */,
			);
			runOnlyForDeploymentPostprocessing = 0;
		};
/* End PBXSourcesBuildPhase section */

/* Begin PBXTargetDependency section */
		BDD7784D2A60770A00CF18D3 /* PBXTargetDependency */ = {
			isa = PBXTargetDependency;
			target = BDD7783A2A60770100CF18D3 /* gethub */;
			targetProxy = BDD7784C2A60770A00CF18D3 /* PBXContainerItemProxy */;
		};
		BDD778572A60770A00CF18D3 /* PBXTargetDependency */ = {
			isa = PBXTargetDependency;
			target = BDD7783A2A60770100CF18D3 /* gethub */;
			targetProxy = BDD778562A60770A00CF18D3 /* PBXContainerItemProxy */;
		};
/* End PBXTargetDependency section */

/* Begin XCBuildConfiguration section */
		BDD7785D2A60770A00CF18D3 /* Debug */ = {
			isa = XCBuildConfiguration;
			buildSettings = {
				ALWAYS_SEARCH_USER_PATHS = NO;
				CLANG_ANALYZER_NONNULL = YES;
				CLANG_ANALYZER_NUMBER_OBJECT_CONVERSION = YES_AGGRESSIVE;
				CLANG_CXX_LANGUAGE_STANDARD = "gnu++20";
				CLANG_ENABLE_MODULES = YES;
				CLANG_ENABLE_OBJC_ARC = YES;
				CLANG_ENABLE_OBJC_WEAK = YES;
				CLANG_WARN_BLOCK_CAPTURE_AUTORELEASING = YES;
				CLANG_WARN_BOOL_CONVERSION = YES;
				CLANG_WARN_COMMA = YES;
				CLANG_WARN_CONSTANT_CONVERSION = YES;
				CLANG_WARN_DEPRECATED_OBJC_IMPLEMENTATIONS = YES;
				CLANG_WARN_DIRECT_OBJC_ISA_USAGE = YES_ERROR;
				CLANG_WARN_DOCUMENTATION_COMMENTS = YES;
				CLANG_WARN_EMPTY_BODY = YES;
				CLANG_WARN_ENUM_CONVERSION = YES;
				CLANG_WARN_INFINITE_RECURSION = YES;
				CLANG_WARN_INT_CONVERSION = YES;
				CLANG_WARN_NON_LITERAL_NULL_CONVERSION = YES;
				CLANG_WARN_OBJC_IMPLICIT_RETAIN_SELF = YES;
				CLANG_WARN_OBJC_LITERAL_CONVERSION = YES;
				CLANG_WARN_OBJC_ROOT_CLASS = YES_ERROR;
				CLANG_WARN_QUOTED_INCLUDE_IN_FRAMEWORK_HEADER = YES;
				CLANG_WARN_RANGE_LOOP_ANALYSIS = YES;
				CLANG_WARN_STRICT_PROTOTYPES = YES;
				CLANG_WARN_SUSPICIOUS_MOVE = YES;
				CLANG_WARN_UNGUARDED_AVAILABILITY = YES_AGGRESSIVE;
				CLANG_WARN_UNREACHABLE_CODE = YES;
				CLANG_WARN__DUPLICATE_METHOD_MATCH = YES;
				COPY_PHASE_STRIP = NO;
				DEBUG_INFORMATION_FORMAT = dwarf;
				ENABLE_STRICT_OBJC_MSGSEND = YES;
				ENABLE_TESTABILITY = YES;
				GCC_C_LANGUAGE_STANDARD = gnu11;
				GCC_DYNAMIC_NO_PIC = NO;
				GCC_NO_COMMON_BLOCKS = YES;
				GCC_OPTIMIZATION_LEVEL = 0;
				GCC_PREPROCESSOR_DEFINITIONS = (
					"DEBUG=1",
					"$(inherited)",
				);
				GCC_WARN_64_TO_32_BIT_CONVERSION = YES;
				GCC_WARN_ABOUT_RETURN_TYPE = YES_ERROR;
				GCC_WARN_UNDECLARED_SELECTOR = YES;
				GCC_WARN_UNINITIALIZED_AUTOS = YES_AGGRESSIVE;
				GCC_WARN_UNUSED_FUNCTION = YES;
				GCC_WARN_UNUSED_VARIABLE = YES;
				IPHONEOS_DEPLOYMENT_TARGET = 16.4;
				MTL_ENABLE_DEBUG_INFO = INCLUDE_SOURCE;
				MTL_FAST_MATH = YES;
				ONLY_ACTIVE_ARCH = YES;
				SDKROOT = iphoneos;
				SWIFT_ACTIVE_COMPILATION_CONDITIONS = DEBUG;
				SWIFT_OPTIMIZATION_LEVEL = "-Onone";
			};
			name = Debug;
		};
		BDD7785E2A60770A00CF18D3 /* Release */ = {
			isa = XCBuildConfiguration;
			buildSettings = {
				ALWAYS_SEARCH_USER_PATHS = NO;
				CLANG_ANALYZER_NONNULL = YES;
				CLANG_ANALYZER_NUMBER_OBJECT_CONVERSION = YES_AGGRESSIVE;
				CLANG_CXX_LANGUAGE_STANDARD = "gnu++20";
				CLANG_ENABLE_MODULES = YES;
				CLANG_ENABLE_OBJC_ARC = YES;
				CLANG_ENABLE_OBJC_WEAK = YES;
				CLANG_WARN_BLOCK_CAPTURE_AUTORELEASING = YES;
				CLANG_WARN_BOOL_CONVERSION = YES;
				CLANG_WARN_COMMA = YES;
				CLANG_WARN_CONSTANT_CONVERSION = YES;
				CLANG_WARN_DEPRECATED_OBJC_IMPLEMENTATIONS = YES;
				CLANG_WARN_DIRECT_OBJC_ISA_USAGE = YES_ERROR;
				CLANG_WARN_DOCUMENTATION_COMMENTS = YES;
				CLANG_WARN_EMPTY_BODY = YES;
				CLANG_WARN_ENUM_CONVERSION = YES;
				CLANG_WARN_INFINITE_RECURSION = YES;
				CLANG_WARN_INT_CONVERSION = YES;
				CLANG_WARN_NON_LITERAL_NULL_CONVERSION = YES;
				CLANG_WARN_OBJC_IMPLICIT_RETAIN_SELF = YES;
				CLANG_WARN_OBJC_LITERAL_CONVERSION = YES;
				CLANG_WARN_OBJC_ROOT_CLASS = YES_ERROR;
				CLANG_WARN_QUOTED_INCLUDE_IN_FRAMEWORK_HEADER = YES;
				CLANG_WARN_RANGE_LOOP_ANALYSIS = YES;
				CLANG_WARN_STRICT_PROTOTYPES = YES;
				CLANG_WARN_SUSPICIOUS_MOVE = YES;
				CLANG_WARN_UNGUARDED_AVAILABILITY = YES_AGGRESSIVE;
				CLANG_WARN_UNREACHABLE_CODE = YES;
				CLANG_WARN__DUPLICATE_METHOD_MATCH = YES;
				COPY_PHASE_STRIP = NO;
				DEBUG_INFORMATION_FORMAT = "dwarf-with-dsym";
				ENABLE_NS_ASSERTIONS = NO;
				ENABLE_STRICT_OBJC_MSGSEND = YES;
				GCC_C_LANGUAGE_STANDARD = gnu11;
				GCC_NO_COMMON_BLOCKS = YES;
				GCC_WARN_64_TO_32_BIT_CONVERSION = YES;
				GCC_WARN_ABOUT_RETURN_TYPE = YES_ERROR;
				GCC_WARN_UNDECLARED_SELECTOR = YES;
				GCC_WARN_UNINITIALIZED_AUTOS = YES_AGGRESSIVE;
				GCC_WARN_UNUSED_FUNCTION = YES;
				GCC_WARN_UNUSED_VARIABLE = YES;
				IPHONEOS_DEPLOYMENT_TARGET = 16.4;
				MTL_ENABLE_DEBUG_INFO = NO;
				MTL_FAST_MATH = YES;
				SDKROOT = iphoneos;
				SWIFT_COMPILATION_MODE = wholemodule;
				SWIFT_OPTIMIZATION_LEVEL = "-O";
				VALIDATE_PRODUCT = YES;
			};
			name = Release;
		};
		BDD778602A60770B00CF18D3 /* Debug */ = {
			isa = XCBuildConfiguration;
			buildSettings = {
				ASSETCATALOG_COMPILER_APPICON_NAME = AppIcon;
				ASSETCATALOG_COMPILER_GLOBAL_ACCENT_COLOR_NAME = AccentColor;
				CODE_SIGN_STYLE = Automatic;
				CURRENT_PROJECT_VERSION = 1;
				DEVELOPMENT_ASSET_PATHS = "\"gethub/Preview Content\"";
				ENABLE_PREVIEWS = YES;
				GENERATE_INFOPLIST_FILE = YES;
				INFOPLIST_KEY_UIApplicationSceneManifest_Generation = YES;
				INFOPLIST_KEY_UIApplicationSupportsIndirectInputEvents = YES;
				INFOPLIST_KEY_UILaunchScreen_Generation = YES;
				INFOPLIST_KEY_UISupportedInterfaceOrientations_iPad = "UIInterfaceOrientationPortrait UIInterfaceOrientationPortraitUpsideDown UIInterfaceOrientationLandscapeLeft UIInterfaceOrientationLandscapeRight";
				INFOPLIST_KEY_UISupportedInterfaceOrientations_iPhone = "UIInterfaceOrientationPortrait UIInterfaceOrientationLandscapeLeft UIInterfaceOrientationLandscapeRight";
				LD_RUNPATH_SEARCH_PATHS = (
					"$(inherited)",
					"@executable_path/Frameworks",
				);
				MARKETING_VERSION = 1.0;
				PRODUCT_BUNDLE_IDENTIFIER = kwk.gethub;
				PRODUCT_NAME = "$(TARGET_NAME)";
				SWIFT_EMIT_LOC_STRINGS = YES;
				SWIFT_VERSION = 5.0;
				TARGETED_DEVICE_FAMILY = "1,2";
			};
			name = Debug;
		};
		BDD778612A60770B00CF18D3 /* Release */ = {
			isa = XCBuildConfiguration;
			buildSettings = {
				ASSETCATALOG_COMPILER_APPICON_NAME = AppIcon;
				ASSETCATALOG_COMPILER_GLOBAL_ACCENT_COLOR_NAME = AccentColor;
				CODE_SIGN_STYLE = Automatic;
				CURRENT_PROJECT_VERSION = 1;
				DEVELOPMENT_ASSET_PATHS = "\"gethub/Preview Content\"";
				ENABLE_PREVIEWS = YES;
				GENERATE_INFOPLIST_FILE = YES;
				INFOPLIST_KEY_UIApplicationSceneManifest_Generation = YES;
				INFOPLIST_KEY_UIApplicationSupportsIndirectInputEvents = YES;
				INFOPLIST_KEY_UILaunchScreen_Generation = YES;
				INFOPLIST_KEY_UISupportedInterfaceOrientations_iPad = "UIInterfaceOrientationPortrait UIInterfaceOrientationPortraitUpsideDown UIInterfaceOrientationLandscapeLeft UIInterfaceOrientationLandscapeRight";
				INFOPLIST_KEY_UISupportedInterfaceOrientations_iPhone = "UIInterfaceOrientationPortrait UIInterfaceOrientationLandscapeLeft UIInterfaceOrientationLandscapeRight";
				LD_RUNPATH_SEARCH_PATHS = (
					"$(inherited)",
					"@executable_path/Frameworks",
				);
				MARKETING_VERSION = 1.0;
				PRODUCT_BUNDLE_IDENTIFIER = kwk.gethub;
				PRODUCT_NAME = "$(TARGET_NAME)";
				SWIFT_EMIT_LOC_STRINGS = YES;
				SWIFT_VERSION = 5.0;
				TARGETED_DEVICE_FAMILY = "1,2";
			};
			name = Release;
		};
		BDD778632A60770B00CF18D3 /* Debug */ = {
			isa = XCBuildConfiguration;
			buildSettings = {
				ALWAYS_EMBED_SWIFT_STANDARD_LIBRARIES = YES;
				BUNDLE_LOADER = "$(TEST_HOST)";
				CODE_SIGN_STYLE = Automatic;
				CURRENT_PROJECT_VERSION = 1;
				GENERATE_INFOPLIST_FILE = YES;
				IPHONEOS_DEPLOYMENT_TARGET = 16.4;
				MARKETING_VERSION = 1.0;
				PRODUCT_BUNDLE_IDENTIFIER = kwk.gethubTests;
				PRODUCT_NAME = "$(TARGET_NAME)";
				SWIFT_EMIT_LOC_STRINGS = NO;
				SWIFT_VERSION = 5.0;
				TARGETED_DEVICE_FAMILY = "1,2";
				TEST_HOST = "$(BUILT_PRODUCTS_DIR)/gethub.app/$(BUNDLE_EXECUTABLE_FOLDER_PATH)/gethub";
			};
			name = Debug;
		};
		BDD778642A60770B00CF18D3 /* Release */ = {
			isa = XCBuildConfiguration;
			buildSettings = {
				ALWAYS_EMBED_SWIFT_STANDARD_LIBRARIES = YES;
				BUNDLE_LOADER = "$(TEST_HOST)";
				CODE_SIGN_STYLE = Automatic;
				CURRENT_PROJECT_VERSION = 1;
				GENERATE_INFOPLIST_FILE = YES;
				IPHONEOS_DEPLOYMENT_TARGET = 16.4;
				MARKETING_VERSION = 1.0;
				PRODUCT_BUNDLE_IDENTIFIER = kwk.gethubTests;
				PRODUCT_NAME = "$(TARGET_NAME)";
				SWIFT_EMIT_LOC_STRINGS = NO;
				SWIFT_VERSION = 5.0;
				TARGETED_DEVICE_FAMILY = "1,2";
				TEST_HOST = "$(BUILT_PRODUCTS_DIR)/gethub.app/$(BUNDLE_EXECUTABLE_FOLDER_PATH)/gethub";
			};
			name = Release;
		};
		BDD778662A60770B00CF18D3 /* Debug */ = {
			isa = XCBuildConfiguration;
			buildSettings = {
				ALWAYS_EMBED_SWIFT_STANDARD_LIBRARIES = YES;
				CODE_SIGN_STYLE = Automatic;
				CURRENT_PROJECT_VERSION = 1;
				GENERATE_INFOPLIST_FILE = YES;
				MARKETING_VERSION = 1.0;
				PRODUCT_BUNDLE_IDENTIFIER = kwk.gethubUITests;
				PRODUCT_NAME = "$(TARGET_NAME)";
				SWIFT_EMIT_LOC_STRINGS = NO;
				SWIFT_VERSION = 5.0;
				TARGETED_DEVICE_FAMILY = "1,2";
				TEST_TARGET_NAME = gethub;
			};
			name = Debug;
		};
		BDD778672A60770B00CF18D3 /* Release */ = {
			isa = XCBuildConfiguration;
			buildSettings = {
				ALWAYS_EMBED_SWIFT_STANDARD_LIBRARIES = YES;
				CODE_SIGN_STYLE = Automatic;
				CURRENT_PROJECT_VERSION = 1;
				GENERATE_INFOPLIST_FILE = YES;
				MARKETING_VERSION = 1.0;
				PRODUCT_BUNDLE_IDENTIFIER = kwk.gethubUITests;
				PRODUCT_NAME = "$(TARGET_NAME)";
				SWIFT_EMIT_LOC_STRINGS = NO;
				SWIFT_VERSION = 5.0;
				TARGETED_DEVICE_FAMILY = "1,2";
				TEST_TARGET_NAME = gethub;
			};
			name = Release;
		};
/* End XCBuildConfiguration section */

/* Begin XCConfigurationList section */
		BDD778362A60770100CF18D3 /* Build configuration list for PBXProject "gethub" */ = {
			isa = XCConfigurationList;
			buildConfigurations = (
				BDD7785D2A60770A00CF18D3 /* Debug */,
				BDD7785E2A60770A00CF18D3 /* Release */,
			);
			defaultConfigurationIsVisible = 0;
			defaultConfigurationName = Release;
		};
		BDD7785F2A60770B00CF18D3 /* Build configuration list for PBXNativeTarget "gethub" */ = {
			isa = XCConfigurationList;
			buildConfigurations = (
				BDD778602A60770B00CF18D3 /* Debug */,
				BDD778612A60770B00CF18D3 /* Release */,
			);
			defaultConfigurationIsVisible = 0;
			defaultConfigurationName = Release;
		};
		BDD778622A60770B00CF18D3 /* Build configuration list for PBXNativeTarget "gethubTests" */ = {
			isa = XCConfigurationList;
			buildConfigurations = (
				BDD778632A60770B00CF18D3 /* Debug */,
				BDD778642A60770B00CF18D3 /* Release */,
			);
			defaultConfigurationIsVisible = 0;
			defaultConfigurationName = Release;
		};
		BDD778652A60770B00CF18D3 /* Build configuration list for PBXNativeTarget "gethubUITests" */ = {
			isa = XCConfigurationList;
			buildConfigurations = (
				BDD778662A60770B00CF18D3 /* Debug */,
				BDD778672A60770B00CF18D3 /* Release */,
			);
			defaultConfigurationIsVisible = 0;
			defaultConfigurationName = Release;
		};
/* End XCConfigurationList section */
	};
	rootObject = BDD778332A60770100CF18D3 /* Project object */;
}
